
Microsoft Visual Studio Solution File, Format Version 12.00
# Visual Studio Version 17
VisualStudioVersion = 17.11.35312.102
MinimumVisualStudioVersion = 10.0.40219.1
Project("{FAE04EC0-301F-11D3-BF4B-00C04F79EFBC}") = "Api", "Api\Api.csproj", "{A31A15C1-B9F9-4EC9-9A11-20D13349D69C}"
EndProject
Global
	GlobalSection(SolutionConfigurationPlatforms) = preSolution
		Configuration_239|Any CPU = Configuration_239|Any CPU
		Debug|Any CPU = Debug|Any CPU
		dotnet4.8|Any CPU = dotnet4.8|Any CPU
		Release|Any CPU = Release|Any CPU
	EndGlobalSection
	GlobalSection(ProjectConfigurationPlatforms) = postSolution
		{A31A15C1-B9F9-4EC9-9A11-20D13349D69C}.Configuration_239|Any CPU.ActiveCfg = Configuration_239|Any CPU
		{A31A15C1-B9F9-4EC9-9A11-20D13349D69C}.Configuration_239|Any CPU.Build.0 = Configuration_239|Any CPU
		{A31A15C1-B9F9-4EC9-9A11-20D13349D69C}.Debug|Any CPU.ActiveCfg = Debug|Any CPU
		{A31A15C1-B9F9-4EC9-9A11-20D13349D69C}.Debug|Any CPU.Build.0 = Debug|Any CPU
		{A31A15C1-B9F9-4EC9-9A11-20D13349D69C}.dotnet4.8|Any CPU.ActiveCfg = dotnet4.8|Any CPU
		{A31A15C1-B9F9-4EC9-9A11-20D13349D69C}.dotnet4.8|Any CPU.Build.0 = dotnet4.8|Any CPU
		{A31A15C1-B9F9-4EC9-9A11-20D13349D69C}.Release|Any CPU.ActiveCfg = Release|Any CPU
		{A31A15C1-B9F9-4EC9-9A11-20D13349D69C}.Release|Any CPU.Build.0 = Release|Any CPU
	EndGlobalSection
	GlobalSection(SolutionProperties) = preSolution
		HideSolutionNode = FALSE
	EndGlobalSection
	GlobalSection(ExtensibilityGlobals) = postSolution
		SolutionGuid = {BD655888-F3D8-4647-9557-F1D6B0E7C9F1}
	EndGlobalSection
EndGlobal
